// !$*UTF8*$!
{
	archiveVersion = 1;
	classes = {
	};
	objectVersion = 48;
	objects = {

/* Begin PBXBuildFile section */
		F83D20D3203B52F400A65B62 /* AppDelegate.swift in Sources */ = {isa = PBXBuildFile; fileRef = F83D20D2203B52F400A65B62 /* AppDelegate.swift */; };
		F83D20D5203B52F400A65B62 /* FirstViewController.swift in Sources */ = {isa = PBXBuildFile; fileRef = F83D20D4203B52F400A65B62 /* FirstViewController.swift */; };
		F83D20D7203B52F400A65B62 /* SecondViewController.swift in Sources */ = {isa = PBXBuildFile; fileRef = F83D20D6203B52F400A65B62 /* SecondViewController.swift */; };
		F83D20DA203B52F400A65B62 /* Main.storyboard in Resources */ = {isa = PBXBuildFile; fileRef = F83D20D8203B52F400A65B62 /* Main.storyboard */; };
		F83D20DC203B52F500A65B62 /* Assets.xcassets in Resources */ = {isa = PBXBuildFile; fileRef = F83D20DB203B52F500A65B62 /* Assets.xcassets */; };
		F83D20DF203B52F500A65B62 /* LaunchScreen.storyboard in Resources */ = {isa = PBXBuildFile; fileRef = F83D20DD203B52F500A65B62 /* LaunchScreen.storyboard */; };
		F83D20E7203B661100A65B62 /* ThirdViewController.swift in Sources */ = {isa = PBXBuildFile; fileRef = F83D20E6203B661100A65B62 /* ThirdViewController.swift */; };
		F83D20E9203B748900A65B62 /* CustomViewCell.swift in Sources */ = {isa = PBXBuildFile; fileRef = F83D20E8203B748900A65B62 /* CustomViewCell.swift */; };
		F83D20EB203B857B00A65B62 /* FilterViewController.swift in Sources */ = {isa = PBXBuildFile; fileRef = F83D20EA203B857B00A65B62 /* FilterViewController.swift */; };
/* End PBXBuildFile section */

/* Begin PBXFileReference section */
		F83D20CF203B52F400A65B62 /* Bucket List.app */ = {isa = PBXFileReference; explicitFileType = wrapper.application; includeInIndex = 0; path = "Bucket List.app"; sourceTree = BUILT_PRODUCTS_DIR; };
		F83D20D2203B52F400A65B62 /* AppDelegate.swift */ = {isa = PBXFileReference; lastKnownFileType = sourcecode.swift; path = AppDelegate.swift; sourceTree = "<group>"; };
		F83D20D4203B52F400A65B62 /* FirstViewController.swift */ = {isa = PBXFileReference; lastKnownFileType = sourcecode.swift; path = FirstViewController.swift; sourceTree = "<group>"; };
		F83D20D6203B52F400A65B62 /* SecondViewController.swift */ = {isa = PBXFileReference; lastKnownFileType = sourcecode.swift; path = SecondViewController.swift; sourceTree = "<group>"; };
		F83D20D9203B52F400A65B62 /* Base */ = {isa = PBXFileReference; lastKnownFileType = file.storyboard; name = Base; path = Base.lproj/Main.storyboard; sourceTree = "<group>"; };
		F83D20DB203B52F500A65B62 /* Assets.xcassets */ = {isa = PBXFileReference; lastKnownFileType = folder.assetcatalog; path = Assets.xcassets; sourceTree = "<group>"; };
		F83D20DE203B52F500A65B62 /* Base */ = {isa = PBXFileReference; lastKnownFileType = file.storyboard; name = Base; path = Base.lproj/LaunchScreen.storyboard; sourceTree = "<group>"; };
		F83D20E0203B52F500A65B62 /* Info.plist */ = {isa = PBXFileReference; lastKnownFileType = text.plist.xml; path = Info.plist; sourceTree = "<group>"; };
		F83D20E6203B661100A65B62 /* ThirdViewController.swift */ = {isa = PBXFileReference; lastKnownFileType = sourcecode.swift; name = ThirdViewController.swift; path = "Bucket List/ThirdViewController.swift"; sourceTree = "<group>"; };
		F83D20E8203B748900A65B62 /* CustomViewCell.swift */ = {isa = PBXFileReference; lastKnownFileType = sourcecode.swift; path = CustomViewCell.swift; sourceTree = "<group>"; };
		F83D20EA203B857B00A65B62 /* FilterViewController.swift */ = {isa = PBXFileReference; lastKnownFileType = sourcecode.swift; path = FilterViewController.swift; sourceTree = "<group>"; };
/* End PBXFileReference section */

/* Begin PBXFrameworksBuildPhase section */
		F83D20CC203B52F400A65B62 /* Frameworks */ = {
			isa = PBXFrameworksBuildPhase;
			buildActionMask = 2147483647;
			files = (
			);
			runOnlyForDeploymentPostprocessing = 0;
		};
/* End PBXFrameworksBuildPhase section */

/* Begin PBXGroup section */
		F83D20C6203B52F400A65B62 = {
			isa = PBXGroup;
			children = (
				F83D20E6203B661100A65B62 /* ThirdViewController.swift */,
				F83D20D1203B52F400A65B62 /* Bucket List */,
				F83D20D0203B52F400A65B62 /* Products */,
			);
			sourceTree = "<group>";
		};
		F83D20D0203B52F400A65B62 /* Products */ = {
			isa = PBXGroup;
			children = (
				F83D20CF203B52F400A65B62 /* Bucket List.app */,
			);
			name = Products;
			sourceTree = "<group>";
		};
		F83D20D1203B52F400A65B62 /* Bucket List */ = {
			isa = PBXGroup;
			children = (
				F83D20EA203B857B00A65B62 /* FilterViewController.swift */,
				F83D20D2203B52F400A65B62 /* AppDelegate.swift */,
				F83D20D4203B52F400A65B62 /* FirstViewController.swift */,
				F83D20D6203B52F400A65B62 /* SecondViewController.swift */,
				F83D20D8203B52F400A65B62 /* Main.storyboard */,
				F83D20E8203B748900A65B62 /* CustomViewCell.swift */,
				F83D20DB203B52F500A65B62 /* Assets.xcassets */,
				F83D20DD203B52F500A65B62 /* LaunchScreen.storyboard */,
				F83D20E0203B52F500A65B62 /* Info.plist */,
			);
			path = "Bucket List";
			sourceTree = "<group>";
		};
/* End PBXGroup section */

/* Begin PBXNativeTarget section */
		F83D20CE203B52F400A65B62 /* Bucket List */ = {
			isa = PBXNativeTarget;
			buildConfigurationList = F83D20E3203B52F500A65B62 /* Build configuration list for PBXNativeTarget "Bucket List" */;
			buildPhases = (
				F83D20CB203B52F400A65B62 /* Sources */,
				F83D20CC203B52F400A65B62 /* Frameworks */,
				F83D20CD203B52F400A65B62 /* Resources */,
			);
			buildRules = (
			);
			dependencies = (
			);
			name = "Bucket List";
			productName = "Bucket List";
			productReference = F83D20CF203B52F400A65B62 /* Bucket List.app */;
			productType = "com.apple.product-type.application";
		};
/* End PBXNativeTarget section */

/* Begin PBXProject section */
		F83D20C7203B52F400A65B62 /* Project object */ = {
			isa = PBXProject;
			attributes = {
				LastSwiftUpdateCheck = 0920;
				LastUpgradeCheck = 0920;
				ORGANIZATIONNAME = "Erin Wiegman";
				TargetAttributes = {
					F83D20CE203B52F400A65B62 = {
						CreatedOnToolsVersion = 9.2;
						ProvisioningStyle = Automatic;
					};
				};
			};
			buildConfigurationList = F83D20CA203B52F400A65B62 /* Build configuration list for PBXProject "Bucket List" */;
			compatibilityVersion = "Xcode 8.0";
			developmentRegion = en;
			hasScannedForEncodings = 0;
			knownRegions = (
				en,
				Base,
			);
			mainGroup = F83D20C6203B52F400A65B62;
			productRefGroup = F83D20D0203B52F400A65B62 /* Products */;
			projectDirPath = "";
			projectRoot = "";
			targets = (
				F83D20CE203B52F400A65B62 /* Bucket List */,
			);
		};
/* End PBXProject section */

/* Begin PBXResourcesBuildPhase section */
		F83D20CD203B52F400A65B62 /* Resources */ = {
			isa = PBXResourcesBuildPhase;
			buildActionMask = 2147483647;
			files = (
				F83D20DF203B52F500A65B62 /* LaunchScreen.storyboard in Resources */,
				F83D20DC203B52F500A65B62 /* Assets.xcassets in Resources */,
				F83D20DA203B52F400A65B62 /* Main.storyboard in Resources */,
			);
			runOnlyForDeploymentPostprocessing = 0;
		};
/* End PBXResourcesBuildPhase section */

/* Begin PBXSourcesBuildPhase section */
		F83D20CB203B52F400A65B62 /* Sources */ = {
			isa = PBXSourcesBuildPhase;
			buildActionMask = 2147483647;
			files = (
				F83D20EB203B857B00A65B62 /* FilterViewController.swift in Sources */,
				F83D20D7203B52F400A65B62 /* SecondViewController.swift in Sources */,
				F83D20E9203B748900A65B62 /* CustomViewCell.swift in Sources */,
				F83D20D3203B52F400A65B62 /* AppDelegate.swift in Sources */,
				F83D20E7203B661100A65B62 /* ThirdViewController.swift in Sources */,
				F83D20D5203B52F400A65B62 /* FirstViewController.swift in Sources */,
			);
			runOnlyForDeploymentPostprocessing = 0;
		};
/* End PBXSourcesBuildPhase section */

/* Begin PBXVariantGroup section */
		F83D20D8203B52F400A65B62 /* Main.storyboard */ = {
			isa = PBXVariantGroup;
			children = (
				F83D20D9203B52F400A65B62 /* Base */,
			);
			name = Main.storyboard;
			sourceTree = "<group>";
		};
		F83D20DD203B52F500A65B62 /* LaunchScreen.storyboard */ = {
			isa = PBXVariantGroup;
			children = (
				F83D20DE203B52F500A65B62 /* Base */,
			);
			name = LaunchScreen.storyboard;
			sourceTree = "<group>";
		};
/* End PBXVariantGroup section */

/* Begin XCBuildConfiguration section */
		F83D20E1203B52F500A65B62 /* Debug */ = {
			isa = XCBuildConfiguration;
			buildSettings = {
				ALWAYS_SEARCH_USER_PATHS = NO;
				CLANG_ANALYZER_NONNULL = YES;
				CLANG_ANALYZER_NUMBER_OBJECT_CONVERSION = YES_AGGRESSIVE;
				CLANG_CXX_LANGUAGE_STANDARD = "gnu++14";
				CLANG_CXX_LIBRARY = "libc++";
				CLANG_ENABLE_MODULES = YES;
				CLANG_ENABLE_OBJC_ARC = YES;
				CLANG_WARN_BLOCK_CAPTURE_AUTORELEASING = YES;
				CLANG_WARN_BOOL_CONVERSION = YES;
				CLANG_WARN_COMMA = YES;
				CLANG_WARN_CONSTANT_CONVERSION = YES;
				CLANG_WARN_DIRECT_OBJC_ISA_USAGE = YES_ERROR;
				CLANG_WARN_DOCUMENTATION_COMMENTS = YES;
				CLANG_WARN_EMPTY_BODY = YES;
				CLANG_WARN_ENUM_CONVERSION = YES;
				CLANG_WARN_INFINITE_RECURSION = YES;
				CLANG_WARN_INT_CONVERSION = YES;
				CLANG_WARN_NON_LITERAL_NULL_CONVERSION = YES;
				CLANG_WARN_OBJC_LITERAL_CONVERSION = YES;
				CLANG_WARN_OBJC_ROOT_CLASS = YES_ERROR;
				CLANG_WARN_RANGE_LOOP_ANALYSIS = YES;
				CLANG_WARN_STRICT_PROTOTYPES = YES;
				CLANG_WARN_SUSPICIOUS_MOVE = YES;
				CLANG_WARN_UNGUARDED_AVAILABILITY = YES_AGGRESSIVE;
				CLANG_WARN_UNREACHABLE_CODE = YES;
				CLANG_WARN__DUPLICATE_METHOD_MATCH = YES;
				CODE_SIGN_IDENTITY = "iPhone Developer";
				COPY_PHASE_STRIP = NO;
				DEBUG_INFORMATION_FORMAT = dwarf;
				ENABLE_STRICT_OBJC_MSGSEND = YES;
				ENABLE_TESTABILITY = YES;
				GCC_C_LANGUAGE_STANDARD = gnu11;
				GCC_DYNAMIC_NO_PIC = NO;
				GCC_NO_COMMON_BLOCKS = YES;
				GCC_OPTIMIZATION_LEVEL = 0;
				GCC_PREPROCESSOR_DEFINITIONS = (
					"DEBUG=1",
					"$(inherited)",
				);
				GCC_WARN_64_TO_32_BIT_CONVERSION = YES;
				GCC_WARN_ABOUT_RETURN_TYPE = YES_ERROR;
				GCC_WARN_UNDECLARED_SELECTOR = YES;
				GCC_WARN_UNINITIALIZED_AUTOS = YES_AGGRESSIVE;
				GCC_WARN_UNUSED_FUNCTION = YES;
				GCC_WARN_UNUSED_VARIABLE = YES;
				IPHONEOS_DEPLOYMENT_TARGET = 11.2;
				MTL_ENABLE_DEBUG_INFO = YES;
				ONLY_ACTIVE_ARCH = YES;
				SDKROOT = iphoneos;
				SWIFT_ACTIVE_COMPILATION_CONDITIONS = DEBUG;
				SWIFT_OPTIMIZATION_LEVEL = "-Onone";
			};
			name = Debug;
		};
		F83D20E2203B52F500A65B62 /* Release */ = {
			isa = XCBuildConfiguration;
			buildSettings = {
				ALWAYS_SEARCH_USER_PATHS = NO;
				CLANG_ANALYZER_NONNULL = YES;
				CLANG_ANALYZER_NUMBER_OBJECT_CONVERSION = YES_AGGRESSIVE;
				CLANG_CXX_LANGUAGE_STANDARD = "gnu++14";
				CLANG_CXX_LIBRARY = "libc++";
				CLANG_ENABLE_MODULES = YES;
				CLANG_ENABLE_OBJC_ARC = YES;
				CLANG_WARN_BLOCK_CAPTURE_AUTORELEASING = YES;
				CLANG_WARN_BOOL_CONVERSION = YES;
				CLANG_WARN_COMMA = YES;
				CLANG_WARN_CONSTANT_CONVERSION = YES;
				CLANG_WARN_DIRECT_OBJC_ISA_USAGE = YES_ERROR;
				CLANG_WARN_DOCUMENTATION_COMMENTS = YES;
				CLANG_WARN_EMPTY_BODY = YES;
				CLANG_WARN_ENUM_CONVERSION = YES;
				CLANG_WARN_INFINITE_RECURSION = YES;
				CLANG_WARN_INT_CONVERSION = YES;
				CLANG_WARN_NON_LITERAL_NULL_CONVERSION = YES;
				CLANG_WARN_OBJC_LITERAL_CONVERSION = YES;
				CLANG_WARN_OBJC_ROOT_CLASS = YES_ERROR;
				CLANG_WARN_RANGE_LOOP_ANALYSIS = YES;
				CLANG_WARN_STRICT_PROTOTYPES = YES;
				CLANG_WARN_SUSPICIOUS_MOVE = YES;
				CLANG_WARN_UNGUARDED_AVAILABILITY = YES_AGGRESSIVE;
				CLANG_WARN_UNREACHABLE_CODE = YES;
				CLANG_WARN__DUPLICATE_METHOD_MATCH = YES;
				CODE_SIGN_IDENTITY = "iPhone Developer";
				COPY_PHASE_STRIP = NO;
				DEBUG_INFORMATION_FORMAT = "dwarf-with-dsym";
				ENABLE_NS_ASSERTIONS = NO;
				ENABLE_STRICT_OBJC_MSGSEND = YES;
				GCC_C_LANGUAGE_STANDARD = gnu11;
				GCC_NO_COMMON_BLOCKS = YES;
				GCC_WARN_64_TO_32_BIT_CONVERSION = YES;
				GCC_WARN_ABOUT_RETURN_TYPE = YES_ERROR;
				GCC_WARN_UNDECLARED_SELECTOR = YES;
				GCC_WARN_UNINITIALIZED_AUTOS = YES_AGGRESSIVE;
				GCC_WARN_UNUSED_FUNCTION = YES;
				GCC_WARN_UNUSED_VARIABLE = YES;
				IPHONEOS_DEPLOYMENT_TARGET = 11.2;
				MTL_ENABLE_DEBUG_INFO = NO;
				SDKROOT = iphoneos;
				SWIFT_OPTIMIZATION_LEVEL = "-Owholemodule";
				VALIDATE_PRODUCT = YES;
			};
			name = Release;
		};
		F83D20E4203B52F500A65B62 /* Debug */ = {
			isa = XCBuildConfiguration;
			buildSettings = {
				ASSETCATALOG_COMPILER_APPICON_NAME = AppIcon;
				CODE_SIGN_STYLE = Automatic;
				DEVELOPMENT_TEAM = 5F52T85UMC;
				INFOPLIST_FILE = "Bucket List/Info.plist";
				LD_RUNPATH_SEARCH_PATHS = "$(inherited) @executable_path/Frameworks";
				PRODUCT_BUNDLE_IDENTIFIER = "com.byerinmichelle.Bucket-List";
				PRODUCT_NAME = "$(TARGET_NAME)";
				SWIFT_VERSION = 4.0;
				TARGETED_DEVICE_FAMILY = "1,2";
			};
			name = Debug;
		};
		F83D20E5203B52F500A65B62 /* Release */ = {
			isa = XCBuildConfiguration;
			buildSettings = {
				ASSETCATALOG_COMPILER_APPICON_NAME = AppIcon;
				CODE_SIGN_STYLE = Automatic;
				DEVELOPMENT_TEAM = 5F52T85UMC;
				INFOPLIST_FILE = "Bucket List/Info.plist";
				LD_RUNPATH_SEARCH_PATHS = "$(inherited) @executable_path/Frameworks";
				PRODUCT_BUNDLE_IDENTIFIER = "com.byerinmichelle.Bucket-List";
				PRODUCT_NAME = "$(TARGET_NAME)";
				SWIFT_VERSION = 4.0;
				TARGETED_DEVICE_FAMILY = "1,2";
			};
			name = Release;
		};
/* End XCBuildConfiguration section */

/* Begin XCConfigurationList section */
		F83D20CA203B52F400A65B62 /* Build configuration list for PBXProject "Bucket List" */ = {
			isa = XCConfigurationList;
			buildConfigurations = (
				F83D20E1203B52F500A65B62 /* Debug */,
				F83D20E2203B52F500A65B62 /* Release */,
			);
			defaultConfigurationIsVisible = 0;
			defaultConfigurationName = Release;
		};
		F83D20E3203B52F500A65B62 /* Build configuration list for PBXNativeTarget "Bucket List" */ = {
			isa = XCConfigurationList;
			buildConfigurations = (
				F83D20E4203B52F500A65B62 /* Debug */,
				F83D20E5203B52F500A65B62 /* Release */,
			);
			defaultConfigurationIsVisible = 0;
			defaultConfigurationName = Release;
		};
/* End XCConfigurationList section */
	};
	rootObject = F83D20C7203B52F400A65B62 /* Project object */;
}
